
Microsoft Visual Studio Solution File, Format Version 12.00
# Visual Studio Version 17
VisualStudioVersion = 17.11.35222.181
MinimumVisualStudioVersion = 10.0.40219.1
Project("{FAE04EC0-301F-11D3-BF4B-00C04F79EFBC}") = "WiazanieDanychCwiczenia", "WiazanieDanychCwiczenia\WiazanieDanychCwiczenia.csproj", "{AA786A00-F5DA-4CEF-BBA7-42ABEA69BB2E}"
EndProject
Global
	GlobalSection(SolutionConfigurationPlatforms) = preSolution
		Debug|Any CPU = Debug|Any CPU
		Release|Any CPU = Release|Any CPU
	EndGlobalSection
	GlobalSection(ProjectConfigurationPlatforms) = postSolution
		{AA786A00-F5DA-4CEF-BBA7-42ABEA69BB2E}.Debug|Any CPU.ActiveCfg = Debug|Any CPU
		{AA786A00-F5DA-4CEF-BBA7-42ABEA69BB2E}.Debug|Any CPU.Build.0 = Debug|Any CPU
		{AA786A00-F5DA-4CEF-BBA7-42ABEA69BB2E}.Release|Any CPU.ActiveCfg = Release|Any CPU
		{AA786A00-F5DA-4CEF-BBA7-42ABEA69BB2E}.Release|Any CPU.Build.0 = Release|Any CPU
	EndGlobalSection
	GlobalSection(SolutionProperties) = preSolution
		HideSolutionNode = FALSE
	EndGlobalSection
	GlobalSection(ExtensibilityGlobals) = postSolution
		SolutionGuid = {947B28CD-54EE-4C90-908C-174D186ED0FD}
	EndGlobalSection
EndGlobal
